
Microsoft Visual Studio Solution File, Format Version 12.00
# Visual Studio 15
VisualStudioVersion = 15.0.27428.2037
MinimumVisualStudioVersion = 10.0.40219.1
Project("{FAE04EC0-301F-11D3-BF4B-00C04F79EFBC}") = "FuzzyCMeans", "YeniDeneme\FuzzyCMeans.csproj", "{2D13C2DF-38C1-47BB-9D7B-9163E523C180}"
EndProject
Global
	GlobalSection(SolutionConfigurationPlatforms) = preSolution
		Debug|Any CPU = Debug|Any CPU
		Release|Any CPU = Release|Any CPU
	EndGlobalSection
	GlobalSection(ProjectConfigurationPlatforms) = postSolution
		{2D13C2DF-38C1-47BB-9D7B-9163E523C180}.Debug|Any CPU.ActiveCfg = Debug|Any CPU
		{2D13C2DF-38C1-47BB-9D7B-9163E523C180}.Debug|Any CPU.Build.0 = Debug|Any CPU
		{2D13C2DF-38C1-47BB-9D7B-9163E523C180}.Release|Any CPU.ActiveCfg = Release|Any CPU
		{2D13C2DF-38C1-47BB-9D7B-9163E523C180}.Release|Any CPU.Build.0 = Release|Any CPU
	EndGlobalSection
	GlobalSection(SolutionProperties) = preSolution
		HideSolutionNode = FALSE
	EndGlobalSection
	GlobalSection(ExtensibilityGlobals) = postSolution
		SolutionGuid = {3964E274-4609-458C-BAC3-EBCBA953C08D}
	EndGlobalSection
EndGlobal
